
Microsoft Visual Studio Solution File, Format Version 12.00
# Visual Studio Version 17
VisualStudioVersion = 17.2.32526.322
MinimumVisualStudioVersion = 10.0.40219.1
Project("{FAE04EC0-301F-11D3-BF4B-00C04F79EFBC}") = "Case1WebApplication", "Case1WebApplication\Case1WebApplication.csproj", "{24606847-EA93-48A9-840D-32AA542BA028}"
EndProject
Global
	GlobalSection(SolutionConfigurationPlatforms) = preSolution
		Debug|Any CPU = Debug|Any CPU
		Release|Any CPU = Release|Any CPU
	EndGlobalSection
	GlobalSection(ProjectConfigurationPlatforms) = postSolution
		{24606847-EA93-48A9-840D-32AA542BA028}.Debug|Any CPU.ActiveCfg = Debug|Any CPU
		{24606847-EA93-48A9-840D-32AA542BA028}.Debug|Any CPU.Build.0 = Debug|Any CPU
		{24606847-EA93-48A9-840D-32AA542BA028}.Release|Any CPU.ActiveCfg = Release|Any CPU
		{24606847-EA93-48A9-840D-32AA542BA028}.Release|Any CPU.Build.0 = Release|Any CPU
	EndGlobalSection
	GlobalSection(SolutionProperties) = preSolution
		HideSolutionNode = FALSE
	EndGlobalSection
	GlobalSection(ExtensibilityGlobals) = postSolution
		SolutionGuid = {AA041C69-F2BB-46E1-A1B8-CB7F00D7B7C6}
	EndGlobalSection
EndGlobal
